
Microsoft Visual Studio Solution File, Format Version 12.00
# Visual Studio 14
VisualStudioVersion = 14.0.25420.1
MinimumVisualStudioVersion = 10.0.40219.1
Project("{159641D6-6404-4A2A-AE62-294DE0FE8301}") = "GenerateEtlPackages", "GenerateEtlPackages\GenerateEtlPackages.dtproj", "{AB24AAB6-D778-48F3-B56A-2A8469CAA564}"
EndProject
Global
	GlobalSection(SolutionConfigurationPlatforms) = preSolution
		Development|Default = Development|Default
	EndGlobalSection
	GlobalSection(ProjectConfigurationPlatforms) = postSolution
		{AB24AAB6-D778-48F3-B56A-2A8469CAA564}.Development|Default.ActiveCfg = Development
		{AB24AAB6-D778-48F3-B56A-2A8469CAA564}.Development|Default.Build.0 = Development
	EndGlobalSection
	GlobalSection(SolutionProperties) = preSolution
		HideSolutionNode = FALSE
	EndGlobalSection
EndGlobal
